{
    "_readme": [
        "This file locks the dependencies of your project to a known state",
        "Read more about it at https://getcomposer.org/doc/01-basic-usage.md#installing-dependencies",
        "This file is @generated automatically"
    ],
    "content-hash": "06f4305d305930745cd4974cf0692e46",
    "packages": [
        {
            "name": "snapappointments/bootstrap-select",
            "version": "v1.13.18",
            "source": {
                "type": "git",
                "url": "https://github.com/snapappointments/bootstrap-select.git",
                "reference": "6c4c75f61e69ca54d5ab557a2b90ffdccf1c63cd"
            },
            "dist": {
                "type": "zip",
                "url": "https://api.github.com/repos/snapappointments/bootstrap-select/zipball/6c4c75f61e69ca54d5ab557a2b90ffdccf1c63cd",
                "reference": "6c4c75f61e69ca54d5ab557a2b90ffdccf1c63cd",
                "shasum": ""
            },
            "suggest": {
                "components/jquery": "1.9.1 - 3",
                "twbs/bootstrap": ">=3.0.0"
            },
            "type": "library",
            "notification-url": "https://packagist.org/downloads/",
            "license": [
                "MIT"
            ],
            "authors": [
                {
                    "name": "Casey Holzer",
                    "homepage": "https://github.com/caseyjhol"
                },
                {
                    "name": "Silvio Moreto",
                    "homepage": "https://github.com/silviomoreto"
                },
                {
                    "name": "SnapAppointments, LLC",
                    "homepage": "https://snapappointments.com"
                }
            ],
            "description": "The jQuery plugin that brings select elements into the 21st century with intuitive multiselection, searching, and much more. Now with Bootstrap 4 support.",
            "homepage": "https://developer.snapappointments.com/bootstrap-select",
            "keywords": [
                "bootstrap",
                "dropdown",
                "form",
                "javascript",
                "jquery",
                "replacement",
                "select"
            ],
            "support": {
                "issues": "https://github.com/snapappointments/bootstrap-select/issues",
                "source": "https://github.com/snapappointments/bootstrap-select/tree/v1.13.18"
            },
            "funding": [
                {
                    "url": "https://github.com/caseyjhol",
                    "type": "github"
                }
            ],
            "time": "2020-06-26T18:04:14+00:00"
        }
    ],
    "packages-dev": [],
    "aliases": [],
    "minimum-stability": "stable",
    "stability-flags": [],
    "prefer-stable": false,
    "prefer-lowest": false,
    "platform": [],
    "platform-dev": [],
    "plugin-api-version": "2.2.0"
}
